PODS:
  - Alamofire (5.6.4)
  - FoodLens (2.5.0):
    - Alamofire (~> 5.5)

DEPENDENCIES:
  - FoodLens (~> 2.5.0)

SPEC REPOS:
  trunk:
    - Alamofire
    - FoodLens

SPEC CHECKSUMS:
  Alamofire: 4e95d97098eacb88856099c4fc79b526a299e48c
  FoodLens: 6d7f72dad23806e39e7b3c1c77e200e794b2ab3f

PODFILE CHECKSUM: c44f4588e246de917de86e4336cbb949e9da1bd9

COCOAPODS: 1.11.3
