// !$*UTF8*$!
{
	archiveVersion = 1;
	classes = {
	};
	objectVersion = 50;
	objects = {

/* Begin PBXBuildFile section */
		29005B7FB1FFE19FB7DD56B6 /* Pods_FoodLensTestApp.framework in Frameworks */ = {isa = PBXBuildFile; fileRef = 2C1090C5E9D7632F2135F7DC /* Pods_FoodLensTestApp.framework */; };
		387B6A3E224DAC290034C330 /* AppDelegate.swift in Sources */ = {isa = PBXBuildFile; fileRef = 387B6A3D224DAC290034C330 /* AppDelegate.swift */; };
		387B6A40224DAC290034C330 /* ViewController.swift in Sources */ = {isa = PBXBuildFile; fileRef = 387B6A3F224DAC290034C330 /* ViewController.swift */; };
		387B6A43224DAC290034C330 /* Main.storyboard in Resources */ = {isa = PBXBuildFile; fileRef = 387B6A41224DAC290034C330 /* Main.storyboard */; };
		387B6A45224DAC2B0034C330 /* Assets.xcassets in Resources */ = {isa = PBXBuildFile; fileRef = 387B6A44224DAC2B0034C330 /* Assets.xcassets */; };
		387B6A48224DAC2B0034C330 /* LaunchScreen.storyboard in Resources */ = {isa = PBXBuildFile; fileRef = 387B6A46224DAC2B0034C330 /* LaunchScreen.storyboard */; };
		387B6A53224DAC2B0034C330 /* FoodLensTestAppTests.swift in Sources */ = {isa = PBXBuildFile; fileRef = 387B6A52224DAC2B0034C330 /* FoodLensTestAppTests.swift */; };
		387B6A5E224DAC2B0034C330 /* FoodLensTestAppUITests.swift in Sources */ = {isa = PBXBuildFile; fileRef = 387B6A5D224DAC2B0034C330 /* FoodLensTestAppUITests.swift */; };
		38D09F0022534F06000B7E7D /* TableViewCell.swift in Sources */ = {isa = PBXBuildFile; fileRef = 38D09EFF22534F06000B7E7D /* TableViewCell.swift */; };
		38D09F02225351F6000B7E7D /* Util.swift in Sources */ = {isa = PBXBuildFile; fileRef = 38D09F01225351F6000B7E7D /* Util.swift */; };
		38D09F0522535878000B7E7D /* full_Image.jpeg in Resources */ = {isa = PBXBuildFile; fileRef = 38D09F0322535877000B7E7D /* full_Image.jpeg */; };
		38D09F0622535878000B7E7D /* parted_image.jpg in Resources */ = {isa = PBXBuildFile; fileRef = 38D09F0422535877000B7E7D /* parted_image.jpg */; };
		7BF81A95021FF0CB76949792 /* Pods_FoodLensTestAppUITests.framework in Frameworks */ = {isa = PBXBuildFile; fileRef = F21C139C77BFA3C2FD306F5F /* Pods_FoodLensTestAppUITests.framework */; };
		E71B1AD6A385839A997841E5 /* Pods_FoodLensTestAppTests.framework in Frameworks */ = {isa = PBXBuildFile; fileRef = E43B3254C05E309BC64AD01E /* Pods_FoodLensTestAppTests.framework */; };
/* End PBXBuildFile section */

/* Begin PBXContainerItemProxy section */
		387B6A4F224DAC2B0034C330 /* PBXContainerItemProxy */ = {
			isa = PBXContainerItemProxy;
			containerPortal = 387B6A32224DAC290034C330 /* Project object */;
			proxyType = 1;
			remoteGlobalIDString = 387B6A39224DAC290034C330;
			remoteInfo = FoodLensTestApp;
		};
		387B6A5A224DAC2B0034C330 /* PBXContainerItemProxy */ = {
			isa = PBXContainerItemProxy;
			containerPortal = 387B6A32224DAC290034C330 /* Project object */;
			proxyType = 1;
			remoteGlobalIDString = 387B6A39224DAC290034C330;
			remoteInfo = FoodLensTestApp;
		};
/* End PBXContainerItemProxy section */

/* Begin PBXFileReference section */
		0BC0D22CFB186386F8786114 /* Pods-FoodLensTestApp.release.xcconfig */ = {isa = PBXFileReference; includeInIndex = 1; lastKnownFileType = text.xcconfig; name = "Pods-FoodLensTestApp.release.xcconfig"; path = "Target Support Files/Pods-FoodLensTestApp/Pods-FoodLensTestApp.release.xcconfig"; sourceTree = "<group>"; };
		0D9E5C59914383603D6BC5B0 /* Pods-FoodLensTestAppUITests.debug.xcconfig */ = {isa = PBXFileReference; includeInIndex = 1; lastKnownFileType = text.xcconfig; name = "Pods-FoodLensTestAppUITests.debug.xcconfig"; path = "Target Support Files/Pods-FoodLensTestAppUITests/Pods-FoodLensTestAppUITests.debug.xcconfig"; sourceTree = "<group>"; };
		2C1090C5E9D7632F2135F7DC /* Pods_FoodLensTestApp.framework */ = {isa = PBXFileReference; explicitFileType = wrapper.framework; includeInIndex = 0; path = Pods_FoodLensTestApp.framework; sourceTree = BUILT_PRODUCTS_DIR; };
		387B6A3A224DAC290034C330 /* FoodLensTestApp.app */ = {isa = PBXFileReference; explicitFileType = wrapper.application; includeInIndex = 0; path = FoodLensTestApp.app; sourceTree = BUILT_PRODUCTS_DIR; };
		387B6A3D224DAC290034C330 /* AppDelegate.swift */ = {isa = PBXFileReference; lastKnownFileType = sourcecode.swift; path = AppDelegate.swift; sourceTree = "<group>"; };
		387B6A3F224DAC290034C330 /* ViewController.swift */ = {isa = PBXFileReference; lastKnownFileType = sourcecode.swift; path = ViewController.swift; sourceTree = "<group>"; };
		387B6A42224DAC290034C330 /* Base */ = {isa = PBXFileReference; lastKnownFileType = file.storyboard; name = Base; path = Base.lproj/Main.storyboard; sourceTree = "<group>"; };
		387B6A44224DAC2B0034C330 /* Assets.xcassets */ = {isa = PBXFileReference; lastKnownFileType = folder.assetcatalog; path = Assets.xcassets; sourceTree = "<group>"; };
		387B6A47224DAC2B0034C330 /* Base */ = {isa = PBXFileReference; lastKnownFileType = file.storyboard; name = Base; path = Base.lproj/LaunchScreen.storyboard; sourceTree = "<group>"; };
		387B6A49224DAC2B0034C330 /* Info.plist */ = {isa = PBXFileReference; lastKnownFileType = text.plist.xml; path = Info.plist; sourceTree = "<group>"; };
		387B6A4E224DAC2B0034C330 /* FoodLensTestAppTests.xctest */ = {isa = PBXFileReference; explicitFileType = wrapper.cfbundle; includeInIndex = 0; path = FoodLensTestAppTests.xctest; sourceTree = BUILT_PRODUCTS_DIR; };
		387B6A52224DAC2B0034C330 /* FoodLensTestAppTests.swift */ = {isa = PBXFileReference; lastKnownFileType = sourcecode.swift; path = FoodLensTestAppTests.swift; sourceTree = "<group>"; };
		387B6A54224DAC2B0034C330 /* Info.plist */ = {isa = PBXFileReference; lastKnownFileType = text.plist.xml; path = Info.plist; sourceTree = "<group>"; };
		387B6A59224DAC2B0034C330 /* FoodLensTestAppUITests.xctest */ = {isa = PBXFileReference; explicitFileType = wrapper.cfbundle; includeInIndex = 0; path = FoodLensTestAppUITests.xctest; sourceTree = BUILT_PRODUCTS_DIR; };
		387B6A5D224DAC2B0034C330 /* FoodLensTestAppUITests.swift */ = {isa = PBXFileReference; lastKnownFileType = sourcecode.swift; path = FoodLensTestAppUITests.swift; sourceTree = "<group>"; };
		387B6A5F224DAC2B0034C330 /* Info.plist */ = {isa = PBXFileReference; lastKnownFileType = text.plist.xml; path = Info.plist; sourceTree = "<group>"; };
		38D09EFF22534F06000B7E7D /* TableViewCell.swift */ = {isa = PBXFileReference; lastKnownFileType = sourcecode.swift; path = TableViewCell.swift; sourceTree = "<group>"; };
		38D09F01225351F6000B7E7D /* Util.swift */ = {isa = PBXFileReference; lastKnownFileType = sourcecode.swift; path = Util.swift; sourceTree = "<group>"; };
		38D09F0322535877000B7E7D /* full_Image.jpeg */ = {isa = PBXFileReference; lastKnownFileType = image.jpeg; path = full_Image.jpeg; sourceTree = "<group>"; };
		38D09F0422535877000B7E7D /* parted_image.jpg */ = {isa = PBXFileReference; lastKnownFileType = image.jpeg; path = parted_image.jpg; sourceTree = "<group>"; };
		691CE999100067D203AA0FAF /* Pods-FoodLensTestAppTests.release.xcconfig */ = {isa = PBXFileReference; includeInIndex = 1; lastKnownFileType = text.xcconfig; name = "Pods-FoodLensTestAppTests.release.xcconfig"; path = "Target Support Files/Pods-FoodLensTestAppTests/Pods-FoodLensTestAppTests.release.xcconfig"; sourceTree = "<group>"; };
		AE4E0236AB1D8620C6072BE1 /* Pods-FoodLensTestApp.debug.xcconfig */ = {isa = PBXFileReference; includeInIndex = 1; lastKnownFileType = text.xcconfig; name = "Pods-FoodLensTestApp.debug.xcconfig"; path = "Target Support Files/Pods-FoodLensTestApp/Pods-FoodLensTestApp.debug.xcconfig"; sourceTree = "<group>"; };
		C61391427A1746A35B3DC91C /* Pods-FoodLensTestAppTests.debug.xcconfig */ = {isa = PBXFileReference; includeInIndex = 1; lastKnownFileType = text.xcconfig; name = "Pods-FoodLensTestAppTests.debug.xcconfig"; path = "Target Support Files/Pods-FoodLensTestAppTests/Pods-FoodLensTestAppTests.debug.xcconfig"; sourceTree = "<group>"; };
		E43B3254C05E309BC64AD01E /* Pods_FoodLensTestAppTests.framework */ = {isa = PBXFileReference; explicitFileType = wrapper.framework; includeInIndex = 0; path = Pods_FoodLensTestAppTests.framework; sourceTree = BUILT_PRODUCTS_DIR; };
		F21C139C77BFA3C2FD306F5F /* Pods_FoodLensTestAppUITests.framework */ = {isa = PBXFileReference; explicitFileType = wrapper.framework; includeInIndex = 0; path = Pods_FoodLensTestAppUITests.framework; sourceTree = BUILT_PRODUCTS_DIR; };
		F9A771C6EB13AA681F368159 /* Pods-FoodLensTestAppUITests.release.xcconfig */ = {isa = PBXFileReference; includeInIndex = 1; lastKnownFileType = text.xcconfig; name = "Pods-FoodLensTestAppUITests.release.xcconfig"; path = "Target Support Files/Pods-FoodLensTestAppUITests/Pods-FoodLensTestAppUITests.release.xcconfig"; sourceTree = "<group>"; };
/* End PBXFileReference section */

/* Begin PBXFrameworksBuildPhase section */
		387B6A37224DAC290034C330 /* Frameworks */ = {
			isa = PBXFrameworksBuildPhase;
			buildActionMask = 2147483647;
			files = (
				29005B7FB1FFE19FB7DD56B6 /* Pods_FoodLensTestApp.framework in Frameworks */,
			);
			runOnlyForDeploymentPostprocessing = 0;
		};
		387B6A4B224DAC2B0034C330 /* Frameworks */ = {
			isa = PBXFrameworksBuildPhase;
			buildActionMask = 2147483647;
			files = (
				E71B1AD6A385839A997841E5 /* Pods_FoodLensTestAppTests.framework in Frameworks */,
			);
			runOnlyForDeploymentPostprocessing = 0;
		};
		387B6A56224DAC2B0034C330 /* Frameworks */ = {
			isa = PBXFrameworksBuildPhase;
			buildActionMask = 2147483647;
			files = (
				7BF81A95021FF0CB76949792 /* Pods_FoodLensTestAppUITests.framework in Frameworks */,
			);
			runOnlyForDeploymentPostprocessing = 0;
		};
/* End PBXFrameworksBuildPhase section */

/* Begin PBXGroup section */
		387B6A31224DAC290034C330 = {
			isa = PBXGroup;
			children = (
				387B6A3C224DAC290034C330 /* FoodLensTestApp */,
				387B6A51224DAC2B0034C330 /* FoodLensTestAppTests */,
				387B6A5C224DAC2B0034C330 /* FoodLensTestAppUITests */,
				387B6A3B224DAC290034C330 /* Products */,
				6BF2CB545AB918FB7F47EA24 /* Pods */,
				95C0E9C7E2825E74479B053D /* Frameworks */,
			);
			sourceTree = "<group>";
		};
		387B6A3B224DAC290034C330 /* Products */ = {
			isa = PBXGroup;
			children = (
				387B6A3A224DAC290034C330 /* FoodLensTestApp.app */,
				387B6A4E224DAC2B0034C330 /* FoodLensTestAppTests.xctest */,
				387B6A59224DAC2B0034C330 /* FoodLensTestAppUITests.xctest */,
			);
			name = Products;
			sourceTree = "<group>";
		};
		387B6A3C224DAC290034C330 /* FoodLensTestApp */ = {
			isa = PBXGroup;
			children = (
				38D09F0322535877000B7E7D /* full_Image.jpeg */,
				38D09F0422535877000B7E7D /* parted_image.jpg */,
				387B6A3D224DAC290034C330 /* AppDelegate.swift */,
				387B6A3F224DAC290034C330 /* ViewController.swift */,
				387B6A41224DAC290034C330 /* Main.storyboard */,
				387B6A44224DAC2B0034C330 /* Assets.xcassets */,
				387B6A46224DAC2B0034C330 /* LaunchScreen.storyboard */,
				387B6A49224DAC2B0034C330 /* Info.plist */,
				38D09EFF22534F06000B7E7D /* TableViewCell.swift */,
				38D09F01225351F6000B7E7D /* Util.swift */,
			);
			path = FoodLensTestApp;
			sourceTree = "<group>";
		};
		387B6A51224DAC2B0034C330 /* FoodLensTestAppTests */ = {
			isa = PBXGroup;
			children = (
				387B6A52224DAC2B0034C330 /* FoodLensTestAppTests.swift */,
				387B6A54224DAC2B0034C330 /* Info.plist */,
			);
			path = FoodLensTestAppTests;
			sourceTree = "<group>";
		};
		387B6A5C224DAC2B0034C330 /* FoodLensTestAppUITests */ = {
			isa = PBXGroup;
			children = (
				387B6A5D224DAC2B0034C330 /* FoodLensTestAppUITests.swift */,
				387B6A5F224DAC2B0034C330 /* Info.plist */,
			);
			path = FoodLensTestAppUITests;
			sourceTree = "<group>";
		};
		6BF2CB545AB918FB7F47EA24 /* Pods */ = {
			isa = PBXGroup;
			children = (
				AE4E0236AB1D8620C6072BE1 /* Pods-FoodLensTestApp.debug.xcconfig */,
				0BC0D22CFB186386F8786114 /* Pods-FoodLensTestApp.release.xcconfig */,
				C61391427A1746A35B3DC91C /* Pods-FoodLensTestAppTests.debug.xcconfig */,
				691CE999100067D203AA0FAF /* Pods-FoodLensTestAppTests.release.xcconfig */,
				0D9E5C59914383603D6BC5B0 /* Pods-FoodLensTestAppUITests.debug.xcconfig */,
				F9A771C6EB13AA681F368159 /* Pods-FoodLensTestAppUITests.release.xcconfig */,
			);
			path = Pods;
			sourceTree = "<group>";
		};
		95C0E9C7E2825E74479B053D /* Frameworks */ = {
			isa = PBXGroup;
			children = (
				2C1090C5E9D7632F2135F7DC /* Pods_FoodLensTestApp.framework */,
				E43B3254C05E309BC64AD01E /* Pods_FoodLensTestAppTests.framework */,
				F21C139C77BFA3C2FD306F5F /* Pods_FoodLensTestAppUITests.framework */,
			);
			name = Frameworks;
			sourceTree = "<group>";
		};
/* End PBXGroup section */

/* Begin PBXNativeTarget section */
		387B6A39224DAC290034C330 /* FoodLensTestApp */ = {
			isa = PBXNativeTarget;
			buildConfigurationList = 387B6A62224DAC2B0034C330 /* Build configuration list for PBXNativeTarget "FoodLensTestApp" */;
			buildPhases = (
				6201AD082BD3AF1799B6AAB9 /* [CP] Check Pods Manifest.lock */,
				387B6A36224DAC290034C330 /* Sources */,
				387B6A37224DAC290034C330 /* Frameworks */,
				387B6A38224DAC290034C330 /* Resources */,
				6B55377C85DE91FEC5FEABCD /* [CP] Embed Pods Frameworks */,
			);
			buildRules = (
			);
			dependencies = (
			);
			name = FoodLensTestApp;
			productName = FoodLensTestApp;
			productReference = 387B6A3A224DAC290034C330 /* FoodLensTestApp.app */;
			productType = "com.apple.product-type.application";
		};
		387B6A4D224DAC2B0034C330 /* FoodLensTestAppTests */ = {
			isa = PBXNativeTarget;
			buildConfigurationList = 387B6A65224DAC2B0034C330 /* Build configuration list for PBXNativeTarget "FoodLensTestAppTests" */;
			buildPhases = (
				640AF1119E0B338CFF05A77D /* [CP] Check Pods Manifest.lock */,
				387B6A4A224DAC2B0034C330 /* Sources */,
				387B6A4B224DAC2B0034C330 /* Frameworks */,
				387B6A4C224DAC2B0034C330 /* Resources */,
			);
			buildRules = (
			);
			dependencies = (
				387B6A50224DAC2B0034C330 /* PBXTargetDependency */,
			);
			name = FoodLensTestAppTests;
			productName = FoodLensTestAppTests;
			productReference = 387B6A4E224DAC2B0034C330 /* FoodLensTestAppTests.xctest */;
			productType = "com.apple.product-type.bundle.unit-test";
		};
		387B6A58224DAC2B0034C330 /* FoodLensTestAppUITests */ = {
			isa = PBXNativeTarget;
			buildConfigurationList = 387B6A68224DAC2B0034C330 /* Build configuration list for PBXNativeTarget "FoodLensTestAppUITests" */;
			buildPhases = (
				3B1F8444F91C0969C4BAEBDA /* [CP] Check Pods Manifest.lock */,
				387B6A55224DAC2B0034C330 /* Sources */,
				387B6A56224DAC2B0034C330 /* Frameworks */,
				387B6A57224DAC2B0034C330 /* Resources */,
			);
			buildRules = (
			);
			dependencies = (
				387B6A5B224DAC2B0034C330 /* PBXTargetDependency */,
			);
			name = FoodLensTestAppUITests;
			productName = FoodLensTestAppUITests;
			productReference = 387B6A59224DAC2B0034C330 /* FoodLensTestAppUITests.xctest */;
			productType = "com.apple.product-type.bundle.ui-testing";
		};
/* End PBXNativeTarget section */

/* Begin PBXProject section */
		387B6A32224DAC290034C330 /* Project object */ = {
			isa = PBXProject;
			attributes = {
				LastSwiftUpdateCheck = 1020;
				LastUpgradeCheck = 1020;
				ORGANIZATIONNAME = "DoingLab Inc.";
				TargetAttributes = {
					387B6A39224DAC290034C330 = {
						CreatedOnToolsVersion = 10.2;
					};
					387B6A4D224DAC2B0034C330 = {
						CreatedOnToolsVersion = 10.2;
						TestTargetID = 387B6A39224DAC290034C330;
					};
					387B6A58224DAC2B0034C330 = {
						CreatedOnToolsVersion = 10.2;
						TestTargetID = 387B6A39224DAC290034C330;
					};
				};
			};
			buildConfigurationList = 387B6A35224DAC290034C330 /* Build configuration list for PBXProject "FoodLensTestApp" */;
			compatibilityVersion = "Xcode 9.3";
			developmentRegion = en;
			hasScannedForEncodings = 0;
			knownRegions = (
				en,
				Base,
			);
			mainGroup = 387B6A31224DAC290034C330;
			productRefGroup = 387B6A3B224DAC290034C330 /* Products */;
			projectDirPath = "";
			projectRoot = "";
			targets = (
				387B6A39224DAC290034C330 /* FoodLensTestApp */,
				387B6A4D224DAC2B0034C330 /* FoodLensTestAppTests */,
				387B6A58224DAC2B0034C330 /* FoodLensTestAppUITests */,
			);
		};
/* End PBXProject section */

/* Begin PBXResourcesBuildPhase section */
		387B6A38224DAC290034C330 /* Resources */ = {
			isa = PBXResourcesBuildPhase;
			buildActionMask = 2147483647;
			files = (
				38D09F0522535878000B7E7D /* full_Image.jpeg in Resources */,
				387B6A48224DAC2B0034C330 /* LaunchScreen.storyboard in Resources */,
				387B6A45224DAC2B0034C330 /* Assets.xcassets in Resources */,
				38D09F0622535878000B7E7D /* parted_image.jpg in Resources */,
				387B6A43224DAC290034C330 /* Main.storyboard in Resources */,
			);
			runOnlyForDeploymentPostprocessing = 0;
		};
		387B6A4C224DAC2B0034C330 /* Resources */ = {
			isa = PBXResourcesBuildPhase;
			buildActionMask = 2147483647;
			files = (
			);
			runOnlyForDeploymentPostprocessing = 0;
		};
		387B6A57224DAC2B0034C330 /* Resources */ = {
			isa = PBXResourcesBuildPhase;
			buildActionMask = 2147483647;
			files = (
			);
			runOnlyForDeploymentPostprocessing = 0;
		};
/* End PBXResourcesBuildPhase section */

/* Begin PBXShellScriptBuildPhase section */
		3B1F8444F91C0969C4BAEBDA /* [CP] Check Pods Manifest.lock */ = {
			isa = PBXShellScriptBuildPhase;
			buildActionMask = 2147483647;
			files = (
			);
			inputFileListPaths = (
			);
			inputPaths = (
				"${PODS_PODFILE_DIR_PATH}/Podfile.lock",
				"${PODS_ROOT}/Manifest.lock",
			);
			name = "[CP] Check Pods Manifest.lock";
			outputFileListPaths = (
			);
			outputPaths = (
				"$(DERIVED_FILE_DIR)/Pods-FoodLensTestAppUITests-checkManifestLockResult.txt",
			);
			runOnlyForDeploymentPostprocessing = 0;
			shellPath = /bin/sh;
			shellScript = "diff \"${PODS_PODFILE_DIR_PATH}/Podfile.lock\" \"${PODS_ROOT}/Manifest.lock\" > /dev/null\nif [ $? != 0 ] ; then\n    # print error to STDERR\n    echo \"error: The sandbox is not in sync with the Podfile.lock. Run 'pod install' or update your CocoaPods installation.\" >&2\n    exit 1\nfi\n# This output is used by Xcode 'outputs' to avoid re-running this script phase.\necho \"SUCCESS\" > \"${SCRIPT_OUTPUT_FILE_0}\"\n";
			showEnvVarsInLog = 0;
		};
		6201AD082BD3AF1799B6AAB9 /* [CP] Check Pods Manifest.lock */ = {
			isa = PBXShellScriptBuildPhase;
			buildActionMask = 2147483647;
			files = (
			);
			inputFileListPaths = (
			);
			inputPaths = (
				"${PODS_PODFILE_DIR_PATH}/Podfile.lock",
				"${PODS_ROOT}/Manifest.lock",
			);
			name = "[CP] Check Pods Manifest.lock";
			outputFileListPaths = (
			);
			outputPaths = (
				"$(DERIVED_FILE_DIR)/Pods-FoodLensTestApp-checkManifestLockResult.txt",
			);
			runOnlyForDeploymentPostprocessing = 0;
			shellPath = /bin/sh;
			shellScript = "diff \"${PODS_PODFILE_DIR_PATH}/Podfile.lock\" \"${PODS_ROOT}/Manifest.lock\" > /dev/null\nif [ $? != 0 ] ; then\n    # print error to STDERR\n    echo \"error: The sandbox is not in sync with the Podfile.lock. Run 'pod install' or update your CocoaPods installation.\" >&2\n    exit 1\nfi\n# This output is used by Xcode 'outputs' to avoid re-running this script phase.\necho \"SUCCESS\" > \"${SCRIPT_OUTPUT_FILE_0}\"\n";
			showEnvVarsInLog = 0;
		};
		640AF1119E0B338CFF05A77D /* [CP] Check Pods Manifest.lock */ = {
			isa = PBXShellScriptBuildPhase;
			buildActionMask = 2147483647;
			files = (
			);
			inputFileListPaths = (
			);
			inputPaths = (
				"${PODS_PODFILE_DIR_PATH}/Podfile.lock",
				"${PODS_ROOT}/Manifest.lock",
			);
			name = "[CP] Check Pods Manifest.lock";
			outputFileListPaths = (
			);
			outputPaths = (
				"$(DERIVED_FILE_DIR)/Pods-FoodLensTestAppTests-checkManifestLockResult.txt",
			);
			runOnlyForDeploymentPostprocessing = 0;
			shellPath = /bin/sh;
			shellScript = "diff \"${PODS_PODFILE_DIR_PATH}/Podfile.lock\" \"${PODS_ROOT}/Manifest.lock\" > /dev/null\nif [ $? != 0 ] ; then\n    # print error to STDERR\n    echo \"error: The sandbox is not in sync with the Podfile.lock. Run 'pod install' or update your CocoaPods installation.\" >&2\n    exit 1\nfi\n# This output is used by Xcode 'outputs' to avoid re-running this script phase.\necho \"SUCCESS\" > \"${SCRIPT_OUTPUT_FILE_0}\"\n";
			showEnvVarsInLog = 0;
		};
		6B55377C85DE91FEC5FEABCD /* [CP] Embed Pods Frameworks */ = {
			isa = PBXShellScriptBuildPhase;
			buildActionMask = 2147483647;
			files = (
			);
			inputFileListPaths = (
			);
			inputPaths = (
				"${PODS_ROOT}/Target Support Files/Pods-FoodLensTestApp/Pods-FoodLensTestApp-frameworks.sh",
				"${BUILT_PRODUCTS_DIR}/Alamofire/Alamofire.framework",
				"${BUILT_PRODUCTS_DIR}/EVReflection/EVReflection.framework",
				"${BUILT_PRODUCTS_DIR}/FoodLens/FoodLens.framework",
				"${BUILT_PRODUCTS_DIR}/Kingfisher/Kingfisher.framework",
				"${BUILT_PRODUCTS_DIR}/SwiftKeychainWrapper/SwiftKeychainWrapper.framework",
				"${BUILT_PRODUCTS_DIR}/SwiftSVG/SwiftSVG.framework",
				"${BUILT_PRODUCTS_DIR}/SwiftyJSON/SwiftyJSON.framework",
				"${BUILT_PRODUCTS_DIR}/XLPagerTabStrip/XLPagerTabStrip.framework",
			);
			name = "[CP] Embed Pods Frameworks";
			outputFileListPaths = (
			);
			outputPaths = (
				"${TARGET_BUILD_DIR}/${FRAMEWORKS_FOLDER_PATH}/Alamofire.framework",
				"${TARGET_BUILD_DIR}/${FRAMEWORKS_FOLDER_PATH}/EVReflection.framework",
				"${TARGET_BUILD_DIR}/${FRAMEWORKS_FOLDER_PATH}/FoodLens.framework",
				"${TARGET_BUILD_DIR}/${FRAMEWORKS_FOLDER_PATH}/Kingfisher.framework",
				"${TARGET_BUILD_DIR}/${FRAMEWORKS_FOLDER_PATH}/SwiftKeychainWrapper.framework",
				"${TARGET_BUILD_DIR}/${FRAMEWORKS_FOLDER_PATH}/SwiftSVG.framework",
				"${TARGET_BUILD_DIR}/${FRAMEWORKS_FOLDER_PATH}/SwiftyJSON.framework",
				"${TARGET_BUILD_DIR}/${FRAMEWORKS_FOLDER_PATH}/XLPagerTabStrip.framework",
			);
			runOnlyForDeploymentPostprocessing = 0;
			shellPath = /bin/sh;
			shellScript = "\"${PODS_ROOT}/Target Support Files/Pods-FoodLensTestApp/Pods-FoodLensTestApp-frameworks.sh\"\n";
			showEnvVarsInLog = 0;
		};
/* End PBXShellScriptBuildPhase section */

/* Begin PBXSourcesBuildPhase section */
		387B6A36224DAC290034C330 /* Sources */ = {
			isa = PBXSourcesBuildPhase;
			buildActionMask = 2147483647;
			files = (
				38D09F0022534F06000B7E7D /* TableViewCell.swift in Sources */,
				387B6A40224DAC290034C330 /* ViewController.swift in Sources */,
				387B6A3E224DAC290034C330 /* AppDelegate.swift in Sources */,
				38D09F02225351F6000B7E7D /* Util.swift in Sources */,
			);
			runOnlyForDeploymentPostprocessing = 0;
		};
		387B6A4A224DAC2B0034C330 /* Sources */ = {
			isa = PBXSourcesBuildPhase;
			buildActionMask = 2147483647;
			files = (
				387B6A53224DAC2B0034C330 /* FoodLensTestAppTests.swift in Sources */,
			);
			runOnlyForDeploymentPostprocessing = 0;
		};
		387B6A55224DAC2B0034C330 /* Sources */ = {
			isa = PBXSourcesBuildPhase;
			buildActionMask = 2147483647;
			files = (
				387B6A5E224DAC2B0034C330 /* FoodLensTestAppUITests.swift in Sources */,
			);
			runOnlyForDeploymentPostprocessing = 0;
		};
/* End PBXSourcesBuildPhase section */

/* Begin PBXTargetDependency section */
		387B6A50224DAC2B0034C330 /* PBXTargetDependency */ = {
			isa = PBXTargetDependency;
			target = 387B6A39224DAC290034C330 /* FoodLensTestApp */;
			targetProxy = 387B6A4F224DAC2B0034C330 /* PBXContainerItemProxy */;
		};
		387B6A5B224DAC2B0034C330 /* PBXTargetDependency */ = {
			isa = PBXTargetDependency;
			target = 387B6A39224DAC290034C330 /* FoodLensTestApp */;
			targetProxy = 387B6A5A224DAC2B0034C330 /* PBXContainerItemProxy */;
		};
/* End PBXTargetDependency section */

/* Begin PBXVariantGroup section */
		387B6A41224DAC290034C330 /* Main.storyboard */ = {
			isa = PBXVariantGroup;
			children = (
				387B6A42224DAC290034C330 /* Base */,
			);
			name = Main.storyboard;
			sourceTree = "<group>";
		};
		387B6A46224DAC2B0034C330 /* LaunchScreen.storyboard */ = {
			isa = PBXVariantGroup;
			children = (
				387B6A47224DAC2B0034C330 /* Base */,
			);
			name = LaunchScreen.storyboard;
			sourceTree = "<group>";
		};
/* End PBXVariantGroup section */

/* Begin XCBuildConfiguration section */
		387B6A60224DAC2B0034C330 /* Debug */ = {
			isa = XCBuildConfiguration;
			buildSettings = {
				ALWAYS_SEARCH_USER_PATHS = NO;
				CLANG_ANALYZER_NONNULL = YES;
				CLANG_ANALYZER_NUMBER_OBJECT_CONVERSION = YES_AGGRESSIVE;
				CLANG_CXX_LANGUAGE_STANDARD = "gnu++14";
				CLANG_CXX_LIBRARY = "libc++";
				CLANG_ENABLE_MODULES = YES;
				CLANG_ENABLE_OBJC_ARC = YES;
				CLANG_ENABLE_OBJC_WEAK = YES;
				CLANG_WARN_BLOCK_CAPTURE_AUTORELEASING = YES;
				CLANG_WARN_BOOL_CONVERSION = YES;
				CLANG_WARN_COMMA = YES;
				CLANG_WARN_CONSTANT_CONVERSION = YES;
				CLANG_WARN_DEPRECATED_OBJC_IMPLEMENTATIONS = YES;
				CLANG_WARN_DIRECT_OBJC_ISA_USAGE = YES_ERROR;
				CLANG_WARN_DOCUMENTATION_COMMENTS = YES;
				CLANG_WARN_EMPTY_BODY = YES;
				CLANG_WARN_ENUM_CONVERSION = YES;
				CLANG_WARN_INFINITE_RECURSION = YES;
				CLANG_WARN_INT_CONVERSION = YES;
				CLANG_WARN_NON_LITERAL_NULL_CONVERSION = YES;
				CLANG_WARN_OBJC_IMPLICIT_RETAIN_SELF = YES;
				CLANG_WARN_OBJC_LITERAL_CONVERSION = YES;
				CLANG_WARN_OBJC_ROOT_CLASS = YES_ERROR;
				CLANG_WARN_RANGE_LOOP_ANALYSIS = YES;
				CLANG_WARN_STRICT_PROTOTYPES = YES;
				CLANG_WARN_SUSPICIOUS_MOVE = YES;
				CLANG_WARN_UNGUARDED_AVAILABILITY = YES_AGGRESSIVE;
				CLANG_WARN_UNREACHABLE_CODE = YES;
				CLANG_WARN__DUPLICATE_METHOD_MATCH = YES;
				CODE_SIGN_IDENTITY = "iPhone Developer";
				COPY_PHASE_STRIP = NO;
				DEBUG_INFORMATION_FORMAT = dwarf;
				ENABLE_STRICT_OBJC_MSGSEND = YES;
				ENABLE_TESTABILITY = YES;
				GCC_C_LANGUAGE_STANDARD = gnu11;
				GCC_DYNAMIC_NO_PIC = NO;
				GCC_NO_COMMON_BLOCKS = YES;
				GCC_OPTIMIZATION_LEVEL = 0;
				GCC_PREPROCESSOR_DEFINITIONS = (
					"DEBUG=1",
					"$(inherited)",
				);
				GCC_WARN_64_TO_32_BIT_CONVERSION = YES;
				GCC_WARN_ABOUT_RETURN_TYPE = YES_ERROR;
				GCC_WARN_UNDECLARED_SELECTOR = YES;
				GCC_WARN_UNINITIALIZED_AUTOS = YES_AGGRESSIVE;
				GCC_WARN_UNUSED_FUNCTION = YES;
				GCC_WARN_UNUSED_VARIABLE = YES;
				IPHONEOS_DEPLOYMENT_TARGET = 12.2;
				MTL_ENABLE_DEBUG_INFO = INCLUDE_SOURCE;
				MTL_FAST_MATH = YES;
				ONLY_ACTIVE_ARCH = YES;
				SDKROOT = iphoneos;
				SWIFT_ACTIVE_COMPILATION_CONDITIONS = DEBUG;
				SWIFT_OPTIMIZATION_LEVEL = "-Onone";
			};
			name = Debug;
		};
		387B6A61224DAC2B0034C330 /* Release */ = {
			isa = XCBuildConfiguration;
			buildSettings = {
				ALWAYS_SEARCH_USER_PATHS = NO;
				CLANG_ANALYZER_NONNULL = YES;
				CLANG_ANALYZER_NUMBER_OBJECT_CONVERSION = YES_AGGRESSIVE;
				CLANG_CXX_LANGUAGE_STANDARD = "gnu++14";
				CLANG_CXX_LIBRARY = "libc++";
				CLANG_ENABLE_MODULES = YES;
				CLANG_ENABLE_OBJC_ARC = YES;
				CLANG_ENABLE_OBJC_WEAK = YES;
				CLANG_WARN_BLOCK_CAPTURE_AUTORELEASING = YES;
				CLANG_WARN_BOOL_CONVERSION = YES;
				CLANG_WARN_COMMA = YES;
				CLANG_WARN_CONSTANT_CONVERSION = YES;
				CLANG_WARN_DEPRECATED_OBJC_IMPLEMENTATIONS = YES;
				CLANG_WARN_DIRECT_OBJC_ISA_USAGE = YES_ERROR;
				CLANG_WARN_DOCUMENTATION_COMMENTS = YES;
				CLANG_WARN_EMPTY_BODY = YES;
				CLANG_WARN_ENUM_CONVERSION = YES;
				CLANG_WARN_INFINITE_RECURSION = YES;
				CLANG_WARN_INT_CONVERSION = YES;
				CLANG_WARN_NON_LITERAL_NULL_CONVERSION = YES;
				CLANG_WARN_OBJC_IMPLICIT_RETAIN_SELF = YES;
				CLANG_WARN_OBJC_LITERAL_CONVERSION = YES;
				CLANG_WARN_OBJC_ROOT_CLASS = YES_ERROR;
				CLANG_WARN_RANGE_LOOP_ANALYSIS = YES;
				CLANG_WARN_STRICT_PROTOTYPES = YES;
				CLANG_WARN_SUSPICIOUS_MOVE = YES;
				CLANG_WARN_UNGUARDED_AVAILABILITY = YES_AGGRESSIVE;
				CLANG_WARN_UNREACHABLE_CODE = YES;
				CLANG_WARN__DUPLICATE_METHOD_MATCH = YES;
				CODE_SIGN_IDENTITY = "iPhone Developer";
				COPY_PHASE_STRIP = NO;
				DEBUG_INFORMATION_FORMAT = "dwarf-with-dsym";
				ENABLE_NS_ASSERTIONS = NO;
				ENABLE_STRICT_OBJC_MSGSEND = YES;
				GCC_C_LANGUAGE_STANDARD = gnu11;
				GCC_NO_COMMON_BLOCKS = YES;
				GCC_WARN_64_TO_32_BIT_CONVERSION = YES;
				GCC_WARN_ABOUT_RETURN_TYPE = YES_ERROR;
				GCC_WARN_UNDECLARED_SELECTOR = YES;
				GCC_WARN_UNINITIALIZED_AUTOS = YES_AGGRESSIVE;
				GCC_WARN_UNUSED_FUNCTION = YES;
				GCC_WARN_UNUSED_VARIABLE = YES;
				IPHONEOS_DEPLOYMENT_TARGET = 12.2;
				MTL_ENABLE_DEBUG_INFO = NO;
				MTL_FAST_MATH = YES;
				SDKROOT = iphoneos;
				SWIFT_COMPILATION_MODE = wholemodule;
				SWIFT_OPTIMIZATION_LEVEL = "-O";
				VALIDATE_PRODUCT = YES;
			};
			name = Release;
		};
		387B6A63224DAC2B0034C330 /* Debug */ = {
			isa = XCBuildConfiguration;
			baseConfigurationReference = AE4E0236AB1D8620C6072BE1 /* Pods-FoodLensTestApp.debug.xcconfig */;
			buildSettings = {
				ASSETCATALOG_COMPILER_APPICON_NAME = AppIcon;
				CODE_SIGN_STYLE = Automatic;
				DEVELOPMENT_TEAM = 5PW4GYNC3H;
				INFOPLIST_FILE = FoodLensTestApp/Info.plist;
				IPHONEOS_DEPLOYMENT_TARGET = 10.0;
				LD_RUNPATH_SEARCH_PATHS = (
					"$(inherited)",
					"@executable_path/Frameworks",
				);
				PRODUCT_BUNDLE_IDENTIFIER = com.doinglab.FoodLensTestApp;
				PRODUCT_NAME = "$(TARGET_NAME)";
				SWIFT_VERSION = 5.0;
				TARGETED_DEVICE_FAMILY = "1,2";
			};
			name = Debug;
		};
		387B6A64224DAC2B0034C330 /* Release */ = {
			isa = XCBuildConfiguration;
			baseConfigurationReference = 0BC0D22CFB186386F8786114 /* Pods-FoodLensTestApp.release.xcconfig */;
			buildSettings = {
				ASSETCATALOG_COMPILER_APPICON_NAME = AppIcon;
				CODE_SIGN_STYLE = Automatic;
				DEVELOPMENT_TEAM = 5PW4GYNC3H;
				INFOPLIST_FILE = FoodLensTestApp/Info.plist;
				IPHONEOS_DEPLOYMENT_TARGET = 10.0;
				LD_RUNPATH_SEARCH_PATHS = (
					"$(inherited)",
					"@executable_path/Frameworks",
				);
				PRODUCT_BUNDLE_IDENTIFIER = com.doinglab.FoodLensTestApp;
				PRODUCT_NAME = "$(TARGET_NAME)";
				SWIFT_VERSION = 5.0;
				TARGETED_DEVICE_FAMILY = "1,2";
			};
			name = Release;
		};
		387B6A66224DAC2B0034C330 /* Debug */ = {
			isa = XCBuildConfiguration;
			baseConfigurationReference = C61391427A1746A35B3DC91C /* Pods-FoodLensTestAppTests.debug.xcconfig */;
			buildSettings = {
				ALWAYS_EMBED_SWIFT_STANDARD_LIBRARIES = YES;
				BUNDLE_LOADER = "$(TEST_HOST)";
				CODE_SIGN_STYLE = Automatic;
				DEVELOPMENT_TEAM = 5PW4GYNC3H;
				INFOPLIST_FILE = FoodLensTestAppTests/Info.plist;
				LD_RUNPATH_SEARCH_PATHS = (
					"$(inherited)",
					"@executable_path/Frameworks",
					"@loader_path/Frameworks",
				);
				PRODUCT_BUNDLE_IDENTIFIER = com.doinglab.FoodLensTestAppTests;
				PRODUCT_NAME = "$(TARGET_NAME)";
				SWIFT_VERSION = 5.0;
				TARGETED_DEVICE_FAMILY = "1,2";
				TEST_HOST = "$(BUILT_PRODUCTS_DIR)/FoodLensTestApp.app/FoodLensTestApp";
			};
			name = Debug;
		};
		387B6A67224DAC2B0034C330 /* Release */ = {
			isa = XCBuildConfiguration;
			baseConfigurationReference = 691CE999100067D203AA0FAF /* Pods-FoodLensTestAppTests.release.xcconfig */;
			buildSettings = {
				ALWAYS_EMBED_SWIFT_STANDARD_LIBRARIES = YES;
				BUNDLE_LOADER = "$(TEST_HOST)";
				CODE_SIGN_STYLE = Automatic;
				DEVELOPMENT_TEAM = 5PW4GYNC3H;
				INFOPLIST_FILE = FoodLensTestAppTests/Info.plist;
				LD_RUNPATH_SEARCH_PATHS = (
					"$(inherited)",
					"@executable_path/Frameworks",
					"@loader_path/Frameworks",
				);
				PRODUCT_BUNDLE_IDENTIFIER = com.doinglab.FoodLensTestAppTests;
				PRODUCT_NAME = "$(TARGET_NAME)";
				SWIFT_VERSION = 5.0;
				TARGETED_DEVICE_FAMILY = "1,2";
				TEST_HOST = "$(BUILT_PRODUCTS_DIR)/FoodLensTestApp.app/FoodLensTestApp";
			};
			name = Release;
		};
		387B6A69224DAC2B0034C330 /* Debug */ = {
			isa = XCBuildConfiguration;
			baseConfigurationReference = 0D9E5C59914383603D6BC5B0 /* Pods-FoodLensTestAppUITests.debug.xcconfig */;
			buildSettings = {
				ALWAYS_EMBED_SWIFT_STANDARD_LIBRARIES = YES;
				CODE_SIGN_STYLE = Automatic;
				DEVELOPMENT_TEAM = 5PW4GYNC3H;
				INFOPLIST_FILE = FoodLensTestAppUITests/Info.plist;
				LD_RUNPATH_SEARCH_PATHS = (
					"$(inherited)",
					"@executable_path/Frameworks",
					"@loader_path/Frameworks",
				);
				PRODUCT_BUNDLE_IDENTIFIER = com.doinglab.FoodLensTestAppUITests;
				PRODUCT_NAME = "$(TARGET_NAME)";
				SWIFT_VERSION = 5.0;
				TARGETED_DEVICE_FAMILY = "1,2";
				TEST_TARGET_NAME = FoodLensTestApp;
			};
			name = Debug;
		};
		387B6A6A224DAC2B0034C330 /* Release */ = {
			isa = XCBuildConfiguration;
			baseConfigurationReference = F9A771C6EB13AA681F368159 /* Pods-FoodLensTestAppUITests.release.xcconfig */;
			buildSettings = {
				ALWAYS_EMBED_SWIFT_STANDARD_LIBRARIES = YES;
				CODE_SIGN_STYLE = Automatic;
				DEVELOPMENT_TEAM = 5PW4GYNC3H;
				INFOPLIST_FILE = FoodLensTestAppUITests/Info.plist;
				LD_RUNPATH_SEARCH_PATHS = (
					"$(inherited)",
					"@executable_path/Frameworks",
					"@loader_path/Frameworks",
				);
				PRODUCT_BUNDLE_IDENTIFIER = com.doinglab.FoodLensTestAppUITests;
				PRODUCT_NAME = "$(TARGET_NAME)";
				SWIFT_VERSION = 5.0;
				TARGETED_DEVICE_FAMILY = "1,2";
				TEST_TARGET_NAME = FoodLensTestApp;
			};
			name = Release;
		};
/* End XCBuildConfiguration section */

/* Begin XCConfigurationList section */
		387B6A35224DAC290034C330 /* Build configuration list for PBXProject "FoodLensTestApp" */ = {
			isa = XCConfigurationList;
			buildConfigurations = (
				387B6A60224DAC2B0034C330 /* Debug */,
				387B6A61224DAC2B0034C330 /* Release */,
			);
			defaultConfigurationIsVisible = 0;
			defaultConfigurationName = Release;
		};
		387B6A62224DAC2B0034C330 /* Build configuration list for PBXNativeTarget "FoodLensTestApp" */ = {
			isa = XCConfigurationList;
			buildConfigurations = (
				387B6A63224DAC2B0034C330 /* Debug */,
				387B6A64224DAC2B0034C330 /* Release */,
			);
			defaultConfigurationIsVisible = 0;
			defaultConfigurationName = Release;
		};
		387B6A65224DAC2B0034C330 /* Build configuration list for PBXNativeTarget "FoodLensTestAppTests" */ = {
			isa = XCConfigurationList;
			buildConfigurations = (
				387B6A66224DAC2B0034C330 /* Debug */,
				387B6A67224DAC2B0034C330 /* Release */,
			);
			defaultConfigurationIsVisible = 0;
			defaultConfigurationName = Release;
		};
		387B6A68224DAC2B0034C330 /* Build configuration list for PBXNativeTarget "FoodLensTestAppUITests" */ = {
			isa = XCConfigurationList;
			buildConfigurations = (
				387B6A69224DAC2B0034C330 /* Debug */,
				387B6A6A224DAC2B0034C330 /* Release */,
			);
			defaultConfigurationIsVisible = 0;
			defaultConfigurationName = Release;
		};
/* End XCConfigurationList section */
	};
	rootObject = 387B6A32224DAC290034C330 /* Project object */;
}
